
Microsoft Visual Studio Solution File, Format Version 12.00
# Visual Studio Version 17
VisualStudioVersion = 17.8.34330.188
MinimumVisualStudioVersion = 10.0.40219.1
Project("{FAE04EC0-301F-11D3-BF4B-00C04F79EFBC}") = "EstudoGeral", "EstudoGeral.csproj", "{06E745D5-E625-470D-9C7A-57FCFA47946F}"
EndProject
Global
	GlobalSection(SolutionConfigurationPlatforms) = preSolution
		Debug|Any CPU = Debug|Any CPU
		Release|Any CPU = Release|Any CPU
	EndGlobalSection
	GlobalSection(ProjectConfigurationPlatforms) = postSolution
		{06E745D5-E625-470D-9C7A-57FCFA47946F}.Debug|Any CPU.ActiveCfg = Debug|Any CPU
		{06E745D5-E625-470D-9C7A-57FCFA47946F}.Debug|Any CPU.Build.0 = Debug|Any CPU
		{06E745D5-E625-470D-9C7A-57FCFA47946F}.Release|Any CPU.ActiveCfg = Release|Any CPU
		{06E745D5-E625-470D-9C7A-57FCFA47946F}.Release|Any CPU.Build.0 = Release|Any CPU
	EndGlobalSection
	GlobalSection(SolutionProperties) = preSolution
		HideSolutionNode = FALSE
	EndGlobalSection
	GlobalSection(ExtensibilityGlobals) = postSolution
		SolutionGuid = {B333C65F-BE25-4ECE-BA8A-C45B27E43F65}
	EndGlobalSection
EndGlobal
